
Microsoft Visual Studio Solution File, Format Version 12.00
Project("{FAE04EC0-301F-11D3-BF4B-00C04F79EFBC}") = "Day01.Part1", "Day01\Day01.Part1\Day01.Part1.csproj", "{DA89E51D-0DF1-48E9-8DDF-2F91346F95BF}"
EndProject
Project("{FAE04EC0-301F-11D3-BF4B-00C04F79EFBC}") = "Day01.Part2", "Day01\Day01.Part2\Day01.Part2.csproj", "{3238E5B9-31C1-470E-B76D-BC7EF23684F2}"
EndProject
Project("{FAE04EC0-301F-11D3-BF4B-00C04F79EFBC}") = "Day02.Part1", "Day02\Day02.Part1\Day02.Part1.csproj", "{1D26E266-3562-437E-95C0-ECD34FBDC902}"
EndProject
Project("{FAE04EC0-301F-11D3-BF4B-00C04F79EFBC}") = "Day02.Part2", "Day02\Day02.Part2\Day02.Part2.csproj", "{DB784639-4DBF-4502-BBAE-EB6929919114}"
EndProject
Project("{FAE04EC0-301F-11D3-BF4B-00C04F79EFBC}") = "Day03.Part1", "Day03\Day03.Part1\Day03.Part1.csproj", "{0041723B-BA8D-47F2-8CAC-78B3E526F90D}"
EndProject
Project("{FAE04EC0-301F-11D3-BF4B-00C04F79EFBC}") = "Day03.Part2", "Day03\Day03.Part2\Day03.Part2.csproj", "{53C25CED-FB27-4379-9986-AC4F6E58D9CC}"
EndProject
Project("{FAE04EC0-301F-11D3-BF4B-00C04F79EFBC}") = "Day04.Part1", "Day04\Day04.Part1\Day04.Part1.csproj", "{A69765B0-4BF4-4593-A796-97165A8B7243}"
EndProject
Project("{FAE04EC0-301F-11D3-BF4B-00C04F79EFBC}") = "Day04.Part2", "Day04\Day04.Part2\Day04.Part2.csproj", "{E2E1EACE-BDD4-4D6D-82EC-28C8002CB2D9}"
EndProject
Project("{FAE04EC0-301F-11D3-BF4B-00C04F79EFBC}") = "Day05.Part1", "Day05\Day05.Part1\Day05.Part1.csproj", "{76808E18-BBFC-40E5-933F-D1D792FD6741}"
EndProject
Project("{FAE04EC0-301F-11D3-BF4B-00C04F79EFBC}") = "Day05.Part2", "Day05\Day05.Part2\Day05.Part2.csproj", "{84282D8D-4011-40BD-9672-B504EB557529}"
EndProject
Project("{FAE04EC0-301F-11D3-BF4B-00C04F79EFBC}") = "Day06.Part1", "Day06\Day06.Part1\Day06.Part1.csproj", "{389052F4-0ED5-4D4E-A35F-08170093CE5A}"
EndProject
Project("{FAE04EC0-301F-11D3-BF4B-00C04F79EFBC}") = "Day06.Part2", "Day06\Day06.Part2\Day06.Part2.csproj", "{795AD39A-63A3-4A3B-9D58-267BCD7E5AAA}"
EndProject
Project("{FAE04EC0-301F-11D3-BF4B-00C04F79EFBC}") = "Day07.Part1", "Day07\Day07.Part1\Day07.Part1.csproj", "{222DA4A8-67CD-445C-9FBA-DD97A1127E6D}"
EndProject
Project("{FAE04EC0-301F-11D3-BF4B-00C04F79EFBC}") = "Day07.Part2", "Day07\Day07.Part2\Day07.Part2.csproj", "{A669C768-E58A-4E58-9306-3C741EA444EB}"
EndProject
Project("{FAE04EC0-301F-11D3-BF4B-00C04F79EFBC}") = "Day08.Part1", "Day08\Day08.Part1\Day08.Part1.csproj", "{E0425966-9911-42F2-8DFF-A178D3B2EA7A}"
EndProject
Project("{FAE04EC0-301F-11D3-BF4B-00C04F79EFBC}") = "Day08.Part2", "Day08\Day08.Part2\Day08.Part2.csproj", "{DB028A29-22F0-40DC-8823-17AB3C005F43}"
EndProject
Project("{FAE04EC0-301F-11D3-BF4B-00C04F79EFBC}") = "Day09.Part1", "Day09\Day09.Part1\Day09.Part1.csproj", "{A26F6547-B5F7-4AD6-B428-171F2EFFCA5D}"
EndProject
Project("{FAE04EC0-301F-11D3-BF4B-00C04F79EFBC}") = "Day09.Part2", "Day09\Day09.Part2\Day09.Part2.csproj", "{1BEA161F-7E26-4217-AA14-9BB8F71650F2}"
EndProject
Project("{FAE04EC0-301F-11D3-BF4B-00C04F79EFBC}") = "Day10.Part1", "Day10\Day10.Part1\Day10.Part1.csproj", "{501BF096-6ED3-4AD4-88CF-C7DF149829E7}"
EndProject
Project("{FAE04EC0-301F-11D3-BF4B-00C04F79EFBC}") = "Day10.Part2", "Day10\Day10.Part2\Day10.Part2.csproj", "{2590A865-0762-4C7E-A820-94DD77517AF8}"
EndProject
Project("{FAE04EC0-301F-11D3-BF4B-00C04F79EFBC}") = "Day11.Part1", "Day11\Day11.Part1\Day11.Part1.csproj", "{9B8BBF95-E459-418F-A534-3484BA1CD8FF}"
EndProject
Project("{FAE04EC0-301F-11D3-BF4B-00C04F79EFBC}") = "Day11.Part2", "Day11\Day11.Part2\Day11.Part2.csproj", "{F7799ADA-363C-4E5C-AE20-03ED8B54950D}"
EndProject
Global
	GlobalSection(SolutionConfigurationPlatforms) = preSolution
		Debug|Any CPU = Debug|Any CPU
		Release|Any CPU = Release|Any CPU
	EndGlobalSection
	GlobalSection(ProjectConfigurationPlatforms) = postSolution
		{DA89E51D-0DF1-48E9-8DDF-2F91346F95BF}.Debug|Any CPU.ActiveCfg = Debug|Any CPU
		{DA89E51D-0DF1-48E9-8DDF-2F91346F95BF}.Debug|Any CPU.Build.0 = Debug|Any CPU
		{DA89E51D-0DF1-48E9-8DDF-2F91346F95BF}.Release|Any CPU.ActiveCfg = Release|Any CPU
		{DA89E51D-0DF1-48E9-8DDF-2F91346F95BF}.Release|Any CPU.Build.0 = Release|Any CPU
		{3238E5B9-31C1-470E-B76D-BC7EF23684F2}.Debug|Any CPU.ActiveCfg = Debug|Any CPU
		{3238E5B9-31C1-470E-B76D-BC7EF23684F2}.Debug|Any CPU.Build.0 = Debug|Any CPU
		{3238E5B9-31C1-470E-B76D-BC7EF23684F2}.Release|Any CPU.ActiveCfg = Release|Any CPU
		{3238E5B9-31C1-470E-B76D-BC7EF23684F2}.Release|Any CPU.Build.0 = Release|Any CPU
		{1D26E266-3562-437E-95C0-ECD34FBDC902}.Debug|Any CPU.ActiveCfg = Debug|Any CPU
		{1D26E266-3562-437E-95C0-ECD34FBDC902}.Debug|Any CPU.Build.0 = Debug|Any CPU
		{1D26E266-3562-437E-95C0-ECD34FBDC902}.Release|Any CPU.ActiveCfg = Release|Any CPU
		{1D26E266-3562-437E-95C0-ECD34FBDC902}.Release|Any CPU.Build.0 = Release|Any CPU
		{DB784639-4DBF-4502-BBAE-EB6929919114}.Debug|Any CPU.ActiveCfg = Debug|Any CPU
		{DB784639-4DBF-4502-BBAE-EB6929919114}.Debug|Any CPU.Build.0 = Debug|Any CPU
		{DB784639-4DBF-4502-BBAE-EB6929919114}.Release|Any CPU.ActiveCfg = Release|Any CPU
		{DB784639-4DBF-4502-BBAE-EB6929919114}.Release|Any CPU.Build.0 = Release|Any CPU
		{0041723B-BA8D-47F2-8CAC-78B3E526F90D}.Debug|Any CPU.ActiveCfg = Debug|Any CPU
		{0041723B-BA8D-47F2-8CAC-78B3E526F90D}.Debug|Any CPU.Build.0 = Debug|Any CPU
		{0041723B-BA8D-47F2-8CAC-78B3E526F90D}.Release|Any CPU.ActiveCfg = Release|Any CPU
		{0041723B-BA8D-47F2-8CAC-78B3E526F90D}.Release|Any CPU.Build.0 = Release|Any CPU
		{53C25CED-FB27-4379-9986-AC4F6E58D9CC}.Debug|Any CPU.ActiveCfg = Debug|Any CPU
		{53C25CED-FB27-4379-9986-AC4F6E58D9CC}.Debug|Any CPU.Build.0 = Debug|Any CPU
		{53C25CED-FB27-4379-9986-AC4F6E58D9CC}.Release|Any CPU.ActiveCfg = Release|Any CPU
		{53C25CED-FB27-4379-9986-AC4F6E58D9CC}.Release|Any CPU.Build.0 = Release|Any CPU
		{A69765B0-4BF4-4593-A796-97165A8B7243}.Debug|Any CPU.ActiveCfg = Debug|Any CPU
		{A69765B0-4BF4-4593-A796-97165A8B7243}.Debug|Any CPU.Build.0 = Debug|Any CPU
		{A69765B0-4BF4-4593-A796-97165A8B7243}.Release|Any CPU.ActiveCfg = Release|Any CPU
		{A69765B0-4BF4-4593-A796-97165A8B7243}.Release|Any CPU.Build.0 = Release|Any CPU
		{E2E1EACE-BDD4-4D6D-82EC-28C8002CB2D9}.Debug|Any CPU.ActiveCfg = Debug|Any CPU
		{E2E1EACE-BDD4-4D6D-82EC-28C8002CB2D9}.Debug|Any CPU.Build.0 = Debug|Any CPU
		{E2E1EACE-BDD4-4D6D-82EC-28C8002CB2D9}.Release|Any CPU.ActiveCfg = Release|Any CPU
		{E2E1EACE-BDD4-4D6D-82EC-28C8002CB2D9}.Release|Any CPU.Build.0 = Release|Any CPU
		{76808E18-BBFC-40E5-933F-D1D792FD6741}.Debug|Any CPU.ActiveCfg = Debug|Any CPU
		{76808E18-BBFC-40E5-933F-D1D792FD6741}.Debug|Any CPU.Build.0 = Debug|Any CPU
		{76808E18-BBFC-40E5-933F-D1D792FD6741}.Release|Any CPU.ActiveCfg = Release|Any CPU
		{76808E18-BBFC-40E5-933F-D1D792FD6741}.Release|Any CPU.Build.0 = Release|Any CPU
		{84282D8D-4011-40BD-9672-B504EB557529}.Debug|Any CPU.ActiveCfg = Debug|Any CPU
		{84282D8D-4011-40BD-9672-B504EB557529}.Debug|Any CPU.Build.0 = Debug|Any CPU
		{84282D8D-4011-40BD-9672-B504EB557529}.Release|Any CPU.ActiveCfg = Release|Any CPU
		{84282D8D-4011-40BD-9672-B504EB557529}.Release|Any CPU.Build.0 = Release|Any CPU
		{389052F4-0ED5-4D4E-A35F-08170093CE5A}.Debug|Any CPU.ActiveCfg = Debug|Any CPU
		{389052F4-0ED5-4D4E-A35F-08170093CE5A}.Debug|Any CPU.Build.0 = Debug|Any CPU
		{389052F4-0ED5-4D4E-A35F-08170093CE5A}.Release|Any CPU.ActiveCfg = Release|Any CPU
		{389052F4-0ED5-4D4E-A35F-08170093CE5A}.Release|Any CPU.Build.0 = Release|Any CPU
		{795AD39A-63A3-4A3B-9D58-267BCD7E5AAA}.Debug|Any CPU.ActiveCfg = Debug|Any CPU
		{795AD39A-63A3-4A3B-9D58-267BCD7E5AAA}.Debug|Any CPU.Build.0 = Debug|Any CPU
		{795AD39A-63A3-4A3B-9D58-267BCD7E5AAA}.Release|Any CPU.ActiveCfg = Release|Any CPU
		{795AD39A-63A3-4A3B-9D58-267BCD7E5AAA}.Release|Any CPU.Build.0 = Release|Any CPU
		{222DA4A8-67CD-445C-9FBA-DD97A1127E6D}.Debug|Any CPU.ActiveCfg = Debug|Any CPU
		{222DA4A8-67CD-445C-9FBA-DD97A1127E6D}.Debug|Any CPU.Build.0 = Debug|Any CPU
		{222DA4A8-67CD-445C-9FBA-DD97A1127E6D}.Release|Any CPU.ActiveCfg = Release|Any CPU
		{222DA4A8-67CD-445C-9FBA-DD97A1127E6D}.Release|Any CPU.Build.0 = Release|Any CPU
		{A669C768-E58A-4E58-9306-3C741EA444EB}.Debug|Any CPU.ActiveCfg = Debug|Any CPU
		{A669C768-E58A-4E58-9306-3C741EA444EB}.Debug|Any CPU.Build.0 = Debug|Any CPU
		{A669C768-E58A-4E58-9306-3C741EA444EB}.Release|Any CPU.ActiveCfg = Release|Any CPU
		{A669C768-E58A-4E58-9306-3C741EA444EB}.Release|Any CPU.Build.0 = Release|Any CPU
		{E0425966-9911-42F2-8DFF-A178D3B2EA7A}.Debug|Any CPU.ActiveCfg = Debug|Any CPU
		{E0425966-9911-42F2-8DFF-A178D3B2EA7A}.Debug|Any CPU.Build.0 = Debug|Any CPU
		{E0425966-9911-42F2-8DFF-A178D3B2EA7A}.Release|Any CPU.ActiveCfg = Release|Any CPU
		{E0425966-9911-42F2-8DFF-A178D3B2EA7A}.Release|Any CPU.Build.0 = Release|Any CPU
		{DB028A29-22F0-40DC-8823-17AB3C005F43}.Debug|Any CPU.ActiveCfg = Debug|Any CPU
		{DB028A29-22F0-40DC-8823-17AB3C005F43}.Debug|Any CPU.Build.0 = Debug|Any CPU
		{DB028A29-22F0-40DC-8823-17AB3C005F43}.Release|Any CPU.ActiveCfg = Release|Any CPU
		{DB028A29-22F0-40DC-8823-17AB3C005F43}.Release|Any CPU.Build.0 = Release|Any CPU
		{A26F6547-B5F7-4AD6-B428-171F2EFFCA5D}.Debug|Any CPU.ActiveCfg = Debug|Any CPU
		{A26F6547-B5F7-4AD6-B428-171F2EFFCA5D}.Debug|Any CPU.Build.0 = Debug|Any CPU
		{A26F6547-B5F7-4AD6-B428-171F2EFFCA5D}.Release|Any CPU.ActiveCfg = Release|Any CPU
		{A26F6547-B5F7-4AD6-B428-171F2EFFCA5D}.Release|Any CPU.Build.0 = Release|Any CPU
		{1BEA161F-7E26-4217-AA14-9BB8F71650F2}.Debug|Any CPU.ActiveCfg = Debug|Any CPU
		{1BEA161F-7E26-4217-AA14-9BB8F71650F2}.Debug|Any CPU.Build.0 = Debug|Any CPU
		{1BEA161F-7E26-4217-AA14-9BB8F71650F2}.Release|Any CPU.ActiveCfg = Release|Any CPU
		{1BEA161F-7E26-4217-AA14-9BB8F71650F2}.Release|Any CPU.Build.0 = Release|Any CPU
		{501BF096-6ED3-4AD4-88CF-C7DF149829E7}.Debug|Any CPU.ActiveCfg = Debug|Any CPU
		{501BF096-6ED3-4AD4-88CF-C7DF149829E7}.Debug|Any CPU.Build.0 = Debug|Any CPU
		{501BF096-6ED3-4AD4-88CF-C7DF149829E7}.Release|Any CPU.ActiveCfg = Release|Any CPU
		{501BF096-6ED3-4AD4-88CF-C7DF149829E7}.Release|Any CPU.Build.0 = Release|Any CPU
		{2590A865-0762-4C7E-A820-94DD77517AF8}.Debug|Any CPU.ActiveCfg = Debug|Any CPU
		{2590A865-0762-4C7E-A820-94DD77517AF8}.Debug|Any CPU.Build.0 = Debug|Any CPU
		{2590A865-0762-4C7E-A820-94DD77517AF8}.Release|Any CPU.ActiveCfg = Release|Any CPU
		{2590A865-0762-4C7E-A820-94DD77517AF8}.Release|Any CPU.Build.0 = Release|Any CPU
		{9B8BBF95-E459-418F-A534-3484BA1CD8FF}.Debug|Any CPU.ActiveCfg = Debug|Any CPU
		{9B8BBF95-E459-418F-A534-3484BA1CD8FF}.Debug|Any CPU.Build.0 = Debug|Any CPU
		{9B8BBF95-E459-418F-A534-3484BA1CD8FF}.Release|Any CPU.ActiveCfg = Release|Any CPU
		{9B8BBF95-E459-418F-A534-3484BA1CD8FF}.Release|Any CPU.Build.0 = Release|Any CPU
		{F7799ADA-363C-4E5C-AE20-03ED8B54950D}.Debug|Any CPU.ActiveCfg = Debug|Any CPU
		{F7799ADA-363C-4E5C-AE20-03ED8B54950D}.Debug|Any CPU.Build.0 = Debug|Any CPU
		{F7799ADA-363C-4E5C-AE20-03ED8B54950D}.Release|Any CPU.ActiveCfg = Release|Any CPU
		{F7799ADA-363C-4E5C-AE20-03ED8B54950D}.Release|Any CPU.Build.0 = Release|Any CPU
	EndGlobalSection
EndGlobal
