
Microsoft Visual Studio Solution File, Format Version 12.00
Project("{FAE04EC0-301F-11D3-BF4B-00C04F79EFBC}") = "DayOne.PartOne", "DayOne\DayOne.PartOne\DayOne.PartOne.csproj", "{DA89E51D-0DF1-48E9-8DDF-2F91346F95BF}"
EndProject
Project("{FAE04EC0-301F-11D3-BF4B-00C04F79EFBC}") = "DayOne.PartTwo", "DayOne\DayOne.PartTwo\DayOne.PartTwo.csproj", "{3238E5B9-31C1-470E-B76D-BC7EF23684F2}"
EndProject
Project("{FAE04EC0-301F-11D3-BF4B-00C04F79EFBC}") = "DayTwo.PartOne", "DayTwo\DayTwo.PartOne\DayTwo.PartOne.csproj", "{1D26E266-3562-437E-95C0-ECD34FBDC902}"
EndProject
Project("{FAE04EC0-301F-11D3-BF4B-00C04F79EFBC}") = "DayTwo.PartTwo", "DayTwo\DayTwo.PartTwo\DayTwo.PartTwo.csproj", "{DB784639-4DBF-4502-BBAE-EB6929919114}"
EndProject
Project("{FAE04EC0-301F-11D3-BF4B-00C04F79EFBC}") = "DayThree.PartOne", "DayThree\DayThree.PartOne\DayThree.PartOne.csproj", "{0041723B-BA8D-47F2-8CAC-78B3E526F90D}"
EndProject
Project("{FAE04EC0-301F-11D3-BF4B-00C04F79EFBC}") = "DayThree.PartTwo", "DayThree\DayThree.PartTwo\DayThree.PartTwo.csproj", "{53C25CED-FB27-4379-9986-AC4F6E58D9CC}"
EndProject
Global
	GlobalSection(SolutionConfigurationPlatforms) = preSolution
		Debug|Any CPU = Debug|Any CPU
		Release|Any CPU = Release|Any CPU
	EndGlobalSection
	GlobalSection(ProjectConfigurationPlatforms) = postSolution
		{DA89E51D-0DF1-48E9-8DDF-2F91346F95BF}.Debug|Any CPU.ActiveCfg = Debug|Any CPU
		{DA89E51D-0DF1-48E9-8DDF-2F91346F95BF}.Debug|Any CPU.Build.0 = Debug|Any CPU
		{DA89E51D-0DF1-48E9-8DDF-2F91346F95BF}.Release|Any CPU.ActiveCfg = Release|Any CPU
		{DA89E51D-0DF1-48E9-8DDF-2F91346F95BF}.Release|Any CPU.Build.0 = Release|Any CPU
		{3238E5B9-31C1-470E-B76D-BC7EF23684F2}.Debug|Any CPU.ActiveCfg = Debug|Any CPU
		{3238E5B9-31C1-470E-B76D-BC7EF23684F2}.Debug|Any CPU.Build.0 = Debug|Any CPU
		{3238E5B9-31C1-470E-B76D-BC7EF23684F2}.Release|Any CPU.ActiveCfg = Release|Any CPU
		{3238E5B9-31C1-470E-B76D-BC7EF23684F2}.Release|Any CPU.Build.0 = Release|Any CPU
		{1D26E266-3562-437E-95C0-ECD34FBDC902}.Debug|Any CPU.ActiveCfg = Debug|Any CPU
		{1D26E266-3562-437E-95C0-ECD34FBDC902}.Debug|Any CPU.Build.0 = Debug|Any CPU
		{1D26E266-3562-437E-95C0-ECD34FBDC902}.Release|Any CPU.ActiveCfg = Release|Any CPU
		{1D26E266-3562-437E-95C0-ECD34FBDC902}.Release|Any CPU.Build.0 = Release|Any CPU
		{DB784639-4DBF-4502-BBAE-EB6929919114}.Debug|Any CPU.ActiveCfg = Debug|Any CPU
		{DB784639-4DBF-4502-BBAE-EB6929919114}.Debug|Any CPU.Build.0 = Debug|Any CPU
		{DB784639-4DBF-4502-BBAE-EB6929919114}.Release|Any CPU.ActiveCfg = Release|Any CPU
		{DB784639-4DBF-4502-BBAE-EB6929919114}.Release|Any CPU.Build.0 = Release|Any CPU
		{0041723B-BA8D-47F2-8CAC-78B3E526F90D}.Debug|Any CPU.ActiveCfg = Debug|Any CPU
		{0041723B-BA8D-47F2-8CAC-78B3E526F90D}.Debug|Any CPU.Build.0 = Debug|Any CPU
		{0041723B-BA8D-47F2-8CAC-78B3E526F90D}.Release|Any CPU.ActiveCfg = Release|Any CPU
		{0041723B-BA8D-47F2-8CAC-78B3E526F90D}.Release|Any CPU.Build.0 = Release|Any CPU
		{53C25CED-FB27-4379-9986-AC4F6E58D9CC}.Debug|Any CPU.ActiveCfg = Debug|Any CPU
		{53C25CED-FB27-4379-9986-AC4F6E58D9CC}.Debug|Any CPU.Build.0 = Debug|Any CPU
		{53C25CED-FB27-4379-9986-AC4F6E58D9CC}.Release|Any CPU.ActiveCfg = Release|Any CPU
		{53C25CED-FB27-4379-9986-AC4F6E58D9CC}.Release|Any CPU.Build.0 = Release|Any CPU
	EndGlobalSection
EndGlobal
